# THIS IS AN AUTOGENERATED FILE. DO NOT EDIT THIS FILE DIRECTLY.
# yarn lockfile v1


coc.nvim@^0.0.80:
  version "0.0.80"
  resolved "https://registry.yarnpkg.com/coc.nvim/-/coc.nvim-0.0.80.tgz#785145c382660db03f517f9b497900d95cbd0e4f"
  integrity sha512-/3vTcnofoAYMrdENrlQmADTzfXX4+PZ0fiM10a39UA37dTR2dpIGi9O469kcIksuunLjToqWG8S45AGx/9wV7g==

coc@^1.0.0:
  version "1.0.0"
  resolved "https://registry.yarnpkg.com/coc/-/coc-1.0.0.tgz#f3bc754fea60f71d42ece3b97e1b42ce61abdb04"
  integrity sha1-87x1T+pg9x1C7OO5fhtCzmGr2wQ=
